
Microsoft Visual Studio Solution File, Format Version 12.00
# Visual Studio 15
VisualStudioVersion = 15.0.28307.271
MinimumVisualStudioVersion = 10.0.40219.1
Project("{FAE04EC0-301F-11D3-BF4B-00C04F79EFBC}") = "Ordinamento_Nicola", "Ordinamento_Nicola\Ordinamento_Nicola.csproj", "{EB4063B5-AE19-49FD-B94F-E1D14F193C1F}"
EndProject
Project("{FAE04EC0-301F-11D3-BF4B-00C04F79EFBC}") = "Ordinamento_Cosci", "Ordinamento_Cosci\Ordinamento_Cosci.csproj", "{C393DD67-C780-4C2A-B13E-4D2B7F7EE18F}"
EndProject
Global
	GlobalSection(SolutionConfigurationPlatforms) = preSolution
		Debug|Any CPU = Debug|Any CPU
		Release|Any CPU = Release|Any CPU
	EndGlobalSection
	GlobalSection(ProjectConfigurationPlatforms) = postSolution
		{EB4063B5-AE19-49FD-B94F-E1D14F193C1F}.Debug|Any CPU.ActiveCfg = Debug|Any CPU
		{EB4063B5-AE19-49FD-B94F-E1D14F193C1F}.Debug|Any CPU.Build.0 = Debug|Any CPU
		{EB4063B5-AE19-49FD-B94F-E1D14F193C1F}.Release|Any CPU.ActiveCfg = Release|Any CPU
		{EB4063B5-AE19-49FD-B94F-E1D14F193C1F}.Release|Any CPU.Build.0 = Release|Any CPU
		{C393DD67-C780-4C2A-B13E-4D2B7F7EE18F}.Debug|Any CPU.ActiveCfg = Debug|Any CPU
		{C393DD67-C780-4C2A-B13E-4D2B7F7EE18F}.Debug|Any CPU.Build.0 = Debug|Any CPU
		{C393DD67-C780-4C2A-B13E-4D2B7F7EE18F}.Release|Any CPU.ActiveCfg = Release|Any CPU
		{C393DD67-C780-4C2A-B13E-4D2B7F7EE18F}.Release|Any CPU.Build.0 = Release|Any CPU
	EndGlobalSection
	GlobalSection(SolutionProperties) = preSolution
		HideSolutionNode = FALSE
	EndGlobalSection
	GlobalSection(ExtensibilityGlobals) = postSolution
		SolutionGuid = {96FD8C73-D401-4899-93F6-6FDB76034470}
	EndGlobalSection
EndGlobal
